# THIS IS AN AUTOGENERATED FILE. DO NOT EDIT THIS FILE DIRECTLY.
# yarn lockfile v1


"@babel/helper-string-parser@^7.25.9":
  "integrity" "sha512-4A/SCr/2KLd5jrtOMFzaKjVtAei3+2r/NChoBNoZ3EyP/+GlhoaEGoWOZUmFmoITP7zOJyHIMm+DYRd8o3PvHA=="
  "resolved" "https://registry.npmmirror.com/@babel/helper-string-parser/-/helper-string-parser-7.25.9.tgz"
  "version" "7.25.9"

"@babel/helper-validator-identifier@^7.25.9":
  "integrity" "sha512-Ed61U6XJc3CVRfkERJWDz4dJwKe7iLmmJsbOGu9wSloNSFttHV0I8g6UAgb7qnK5ly5bGLPd4oXZlxCdANBOWQ=="
  "resolved" "https://registry.npmmirror.com/@babel/helper-validator-identifier/-/helper-validator-identifier-7.25.9.tgz"
  "version" "7.25.9"

"@babel/parser@^7.25.3":
  "integrity" "sha512-iaepho73/2Pz7w2eMS0Q5f83+0RKI7i4xmiYeBmDzfRVbQtTOG7Ts0S4HzJVsTMGI9keU8rNfuZr8DKfSt7Yyg=="
  "resolved" "https://registry.npmmirror.com/@babel/parser/-/parser-7.27.0.tgz"
  "version" "7.27.0"
  dependencies:
    "@babel/types" "^7.27.0"

"@babel/runtime@7.x":
  "integrity" "sha512-VtPOkrdPHZsKc/clNqyi9WUA8TINkZ4cGk63UUE3u4pmB2k+ZMQRDuIOagv8UVd6j7k0T3+RRIb7beKTebNbcw=="
  "resolved" "https://registry.npmmirror.com/@babel/runtime/-/runtime-7.27.0.tgz"
  "version" "7.27.0"
  dependencies:
    "regenerator-runtime" "^0.14.0"

"@babel/types@^7.27.0":
  "integrity" "sha512-H45s8fVLYjbhFH62dIJ3WtmJ6RSPt/3DRO0ZcT2SUiYiQyz3BLVb9ADEnLl91m74aQPS3AzzeajZHYOalWe3bg=="
  "resolved" "https://registry.npmmirror.com/@babel/types/-/types-7.27.0.tgz"
  "version" "7.27.0"
  dependencies:
    "@babel/helper-string-parser" "^7.25.9"
    "@babel/helper-validator-identifier" "^7.25.9"

"@jridgewell/sourcemap-codec@^1.5.0":
  "integrity" "sha512-gv3ZRaISU3fjPAgNsriBRqGWQL6quFx04YMPW/zD8XMLsU32mhCCbfbO6KZFLjvYpCZ8zyDEgqsgf+PwPaM7GQ=="
  "resolved" "https://registry.npmmirror.com/@jridgewell/sourcemap-codec/-/sourcemap-codec-1.5.0.tgz"
  "version" "1.5.0"

"@vant/icons@^3.0.2":
  "integrity" "sha512-4OlRVMd0uiDtD9hgSISZW8hB95vU0fFtc41tQchRIyiXkR0tS+DydZOLb8/bQkithrNWhW7Uud38MbKjlJ9lJw=="
  "resolved" "https://registry.npmmirror.com/@vant/icons/-/icons-3.0.2.tgz"
  "version" "3.0.2"

"@vant/popperjs@^1.1.0", "@vant/popperjs@^1.3.0":
  "integrity" "sha512-hB+czUG+aHtjhaEmCJDuXOep0YTZjdlRR+4MSmIFnkCQIxJaXLQdSsR90XWvAI2yvKUI7TCGqR8pQg2RtvkMHw=="
  "resolved" "https://registry.npmmirror.com/@vant/popperjs/-/popperjs-1.3.0.tgz"
  "version" "1.3.0"

"@vant/weapp@^1.11.6":
  "integrity" "sha512-Rwn9BBnb4kHSV4XmvBicwtd42J+amEUfnFDcXJsGNPNX4a9c/DoT6YLsm4X1wB2+sQbdiQsbFBLAvGRBxCkD8g=="
  "resolved" "https://registry.npmmirror.com/@vant/weapp/-/weapp-1.11.7.tgz"
  "version" "1.11.7"

"@vue/babel-helper-vue-jsx-merge-props@^1.0.0":
  "integrity" "sha512-JkqXfCkUDp4PIlFdDQ0TdXoIejMtTHP67/pvxlgeY+u5k3LEdKuWZ3LK6xkxo52uDoABIVyRwqVkfLQJhk7VBA=="
  "resolved" "https://registry.npmmirror.com/@vue/babel-helper-vue-jsx-merge-props/-/babel-helper-vue-jsx-merge-props-1.4.0.tgz"
  "version" "1.4.0"

"@vue/compiler-core@3.5.13":
  "integrity" "sha512-oOdAkwqUfW1WqpwSYJce06wvt6HljgY3fGeM9NcVA1HaYOij3mZG9Rkysn0OHuyUAGMbEbARIpsG+LPVlBJ5/Q=="
  "resolved" "https://registry.npmmirror.com/@vue/compiler-core/-/compiler-core-3.5.13.tgz"
  "version" "3.5.13"
  dependencies:
    "@babel/parser" "^7.25.3"
    "@vue/shared" "3.5.13"
    "entities" "^4.5.0"
    "estree-walker" "^2.0.2"
    "source-map-js" "^1.2.0"

"@vue/compiler-dom@3.5.13":
  "integrity" "sha512-ZOJ46sMOKUjO3e94wPdCzQ6P1Lx/vhp2RSvfaab88Ajexs0AHeV0uasYhi99WPaogmBlRHNRuly8xV75cNTMDA=="
  "resolved" "https://registry.npmmirror.com/@vue/compiler-dom/-/compiler-dom-3.5.13.tgz"
  "version" "3.5.13"
  dependencies:
    "@vue/compiler-core" "3.5.13"
    "@vue/shared" "3.5.13"

"@vue/compiler-sfc@3.5.13":
  "integrity" "sha512-6VdaljMpD82w6c2749Zhf5T9u5uLBWKnVue6XWxprDobftnletJ8+oel7sexFfM3qIxNmVE7LSFGTpv6obNyaQ=="
  "resolved" "https://registry.npmmirror.com/@vue/compiler-sfc/-/compiler-sfc-3.5.13.tgz"
  "version" "3.5.13"
  dependencies:
    "@babel/parser" "^7.25.3"
    "@vue/compiler-core" "3.5.13"
    "@vue/compiler-dom" "3.5.13"
    "@vue/compiler-ssr" "3.5.13"
    "@vue/shared" "3.5.13"
    "estree-walker" "^2.0.2"
    "magic-string" "^0.30.11"
    "postcss" "^8.4.48"
    "source-map-js" "^1.2.0"

"@vue/compiler-ssr@3.5.13":
  "integrity" "sha512-wMH6vrYHxQl/IybKJagqbquvxpWCuVYpoUJfCqFZwa/JY1GdATAQ+TgVtgrwwMZ0D07QhA99rs/EAAWfvG6KpA=="
  "resolved" "https://registry.npmmirror.com/@vue/compiler-ssr/-/compiler-ssr-3.5.13.tgz"
  "version" "3.5.13"
  dependencies:
    "@vue/compiler-dom" "3.5.13"
    "@vue/shared" "3.5.13"

"@vue/devtools-api@^6.0.0-beta.11":
  "integrity" "sha512-sGhTPMuXqZ1rVOk32RylztWkfXTRhuS7vgAKv0zjqk8gbsHkJ7xfFf+jbySxt7tWObEJwyKaHMikV/WGDiQm8g=="
  "resolved" "https://registry.npmmirror.com/@vue/devtools-api/-/devtools-api-6.6.4.tgz"
  "version" "6.6.4"

"@vue/reactivity@3.5.13":
  "integrity" "sha512-NaCwtw8o48B9I6L1zl2p41OHo/2Z4wqYGGIK1Khu5T7yxrn+ATOixn/Udn2m+6kZKB/J7cuT9DbWWhRxqixACg=="
  "resolved" "https://registry.npmmirror.com/@vue/reactivity/-/reactivity-3.5.13.tgz"
  "version" "3.5.13"
  dependencies:
    "@vue/shared" "3.5.13"

"@vue/runtime-core@3.5.13":
  "integrity" "sha512-Fj4YRQ3Az0WTZw1sFe+QDb0aXCerigEpw418pw1HBUKFtnQHWzwojaukAs2X/c9DQz4MQ4bsXTGlcpGxU/RCIw=="
  "resolved" "https://registry.npmmirror.com/@vue/runtime-core/-/runtime-core-3.5.13.tgz"
  "version" "3.5.13"
  dependencies:
    "@vue/reactivity" "3.5.13"
    "@vue/shared" "3.5.13"

"@vue/runtime-dom@3.5.13":
  "integrity" "sha512-dLaj94s93NYLqjLiyFzVs9X6dWhTdAlEAciC3Moq7gzAc13VJUdCnjjRurNM6uTLFATRHexHCTu/Xp3eW6yoog=="
  "resolved" "https://registry.npmmirror.com/@vue/runtime-dom/-/runtime-dom-3.5.13.tgz"
  "version" "3.5.13"
  dependencies:
    "@vue/reactivity" "3.5.13"
    "@vue/runtime-core" "3.5.13"
    "@vue/shared" "3.5.13"
    "csstype" "^3.1.3"

"@vue/server-renderer@3.5.13":
  "integrity" "sha512-wAi4IRJV/2SAW3htkTlB+dHeRmpTiVIK1OGLWV1yeStVSebSQQOwGwIq0D3ZIoBj2C2qpgz5+vX9iEBkTdk5YA=="
  "resolved" "https://registry.npmmirror.com/@vue/server-renderer/-/server-renderer-3.5.13.tgz"
  "version" "3.5.13"
  dependencies:
    "@vue/compiler-ssr" "3.5.13"
    "@vue/shared" "3.5.13"

"@vue/shared@3.5.13":
  "integrity" "sha512-/hnE/qP5ZoGpol0a5mDi45bOd7t3tjYJBjsgCsivow7D48cJeV5l05RD82lPqi7gRiphZM37rnhW1l6ZoCNNnQ=="
  "resolved" "https://registry.npmmirror.com/@vue/shared/-/shared-3.5.13.tgz"
  "version" "3.5.13"

"argparse@^2.0.1":
  "integrity" "sha512-8+9WqebbFzpX9OR+Wa6O29asIogeRMzcGtAINdpMHHyAg10f05aSFVBbcEqGf/PXw1EjAZ+q2/bEBg3DvurK3Q=="
  "resolved" "https://registry.npmmirror.com/argparse/-/argparse-2.0.1.tgz"
  "version" "2.0.1"

"autoprefixer@^10.4.18":
  "integrity" "sha512-1DKbDfsr6KUElM6wg+0zRNkB/Q7WcKYAaK+pzXn+Xqmszm/5Xa9coeNdtP88Vi+dPzZnMjhge8GIV49ZQkDa+g=="
  "resolved" "https://registry.npmjs.org/autoprefixer/-/autoprefixer-10.4.18.tgz"
  "version" "10.4.18"
  dependencies:
    "browserslist" "^4.23.0"
    "caniuse-lite" "^1.0.30001591"
    "fraction.js" "^4.3.7"
    "normalize-range" "^0.1.2"
    "picocolors" "^1.0.0"
    "postcss-value-parser" "^4.2.0"

"best-effort-json-parser@^1.1.2":
  "integrity" "sha512-O3LfmiLJ5UQOGqrrl6ynCdfDgK50cd0nxy0JacFZ7ARhfhjdksTfScHAJ0580RNgNejLjRvu/7Yj9znY0sqeFA=="
  "resolved" "https://registry.npmmirror.com/best-effort-json-parser/-/best-effort-json-parser-1.1.3.tgz"
  "version" "1.1.3"

"browserslist@^4.23.0", "browserslist@>= 4.21.0":
  "integrity" "sha512-QW8HiM1shhT2GuzkvklfjcKDiWFXHOeFCIA/huJPwHsslwcydgk7X+z2zXpEijP98UCY7HbubZt5J2Zgvf0CaQ=="
  "resolved" "https://registry.npmjs.org/browserslist/-/browserslist-4.23.0.tgz"
  "version" "4.23.0"
  dependencies:
    "caniuse-lite" "^1.0.30001587"
    "electron-to-chromium" "^1.4.668"
    "node-releases" "^2.0.14"
    "update-browserslist-db" "^1.0.13"

"caniuse-lite@^1.0.30001587", "caniuse-lite@^1.0.30001591", "caniuse-lite@^1.0.30001594":
  "integrity" "sha512-VblSX6nYqyJVs8DKFMldE2IVCJjZ225LW00ydtUWwh5hk9IfkTOffO6r8gJNsH0qqqeAF8KrbMYA2VEwTlGW5g=="
  "resolved" "https://registry.npmjs.org/caniuse-lite/-/caniuse-lite-1.0.30001594.tgz"
  "version" "1.0.30001594"

"csstype@^3.1.3":
  "integrity" "sha512-M1uQkMl8rQK/szD0LNhtqxIPLpimGm8sOBwU7lLnCpSbTyY3yeU1Vc7l4KT5zT4s/yOxHH5O7tIuuLOCnLADRw=="
  "resolved" "https://registry.npmmirror.com/csstype/-/csstype-3.1.3.tgz"
  "version" "3.1.3"

"electron-to-chromium@^1.4.668":
  "integrity" "sha512-/if4Ueg0GUQlhCrW2ZlXwDAm40ipuKo+OgeHInlL8sbjt+hzISxZK949fZeJaVsheamrzANXvw1zQTvbxTvSHw=="
  "resolved" "https://registry.npmjs.org/electron-to-chromium/-/electron-to-chromium-1.4.693.tgz"
  "version" "1.4.693"

"entities@^4.4.0", "entities@^4.5.0":
  "integrity" "sha512-V0hjH4dGPh9Ao5p0MoRY6BVqtwCjhz6vI5LT8AJ55H+4g9/4vbHx1I54fS0XuclLhDHArPQCiMjDxjaL8fPxhw=="
  "resolved" "https://registry.npmmirror.com/entities/-/entities-4.5.0.tgz"
  "version" "4.5.0"

"escalade@^3.1.1":
  "integrity" "sha512-ErCHMCae19vR8vQGe50xIsVomy19rg6gFu3+r3jkEO46suLMWBksvVyoGgQV+jOfl84ZSOSlmv6Gxa89PmTGmA=="
  "resolved" "https://registry.npmjs.org/escalade/-/escalade-3.1.2.tgz"
  "version" "3.1.2"

"estree-walker@^2.0.2":
  "integrity" "sha512-Rfkk/Mp/DL7JVje3u18FxFujQlTNR2q6QfMSMB7AvCBx91NGj/ba3kCfza0f6dVDbw7YlRf/nDrn7pQrCCyQ/w=="
  "resolved" "https://registry.npmmirror.com/estree-walker/-/estree-walker-2.0.2.tgz"
  "version" "2.0.2"

"fraction.js@^4.3.7":
  "integrity" "sha512-ZsDfxO51wGAXREY55a7la9LScWpwv9RxIrYABrlvOFBlH/ShPnrtsXeuUIfXKKOVicNxQ+o8JTbJvjS4M89yew=="
  "resolved" "https://registry.npmjs.org/fraction.js/-/fraction.js-4.3.7.tgz"
  "version" "4.3.7"

"jsonparse@^1.2.0", "jsonparse@^1.3.1":
  "integrity" "sha512-POQXvpdL69+CluYsillJ7SUhKvytYjW9vG/GKpnf+xP8UWgYEM/RaMzHHofbALDiKbbP1W8UEYmgGl39WkPZsg=="
  "resolved" "https://registry.npmmirror.com/jsonparse/-/jsonparse-1.3.1.tgz"
  "version" "1.3.1"

"JSONStream@^1.3.5":
  "integrity" "sha512-E+iruNOY8VV9s4JEbe1aNEm6MiszPRr/UfcHMz0TQh1BXSxHK+ASV1R6W4HpjBhSeS+54PIsAMCBmwD06LLsqQ=="
  "resolved" "https://registry.npmmirror.com/JSONStream/-/JSONStream-1.3.5.tgz"
  "version" "1.3.5"
  dependencies:
    "jsonparse" "^1.2.0"
    "through" ">=2.2.7 <3"

"linkify-it@^5.0.0":
  "integrity" "sha512-5aHCbzQRADcdP+ATqnDuhhJ/MRIqDkZX5pyjFHRRysS8vZ5AbqGEoFIb6pYHPZ+L/OC2Lc+xT8uHVVR5CAK/wQ=="
  "resolved" "https://registry.npmmirror.com/linkify-it/-/linkify-it-5.0.0.tgz"
  "version" "5.0.0"
  dependencies:
    "uc.micro" "^2.0.0"

"magic-string@^0.30.11":
  "integrity" "sha512-sNPKHvyjVf7gyjwS4xGTaW/mCnF8wnjtifKBEhxfZ7E/S8tQ0rssrwGNn6q8JH/ohItJfSQp9mBtQYuTlH5QnA=="
  "resolved" "https://registry.npmmirror.com/magic-string/-/magic-string-0.30.17.tgz"
  "version" "0.30.17"
  dependencies:
    "@jridgewell/sourcemap-codec" "^1.5.0"

"markdown-it@^14.1.0":
  "integrity" "sha512-a54IwgWPaeBCAAsv13YgmALOF1elABB08FxO9i+r4VFk5Vl4pKokRPeX8u5TCgSsPi6ec1otfLjdOpVcgbpshg=="
  "resolved" "https://registry.npmmirror.com/markdown-it/-/markdown-it-14.1.0.tgz"
  "version" "14.1.0"
  dependencies:
    "argparse" "^2.0.1"
    "entities" "^4.4.0"
    "linkify-it" "^5.0.0"
    "mdurl" "^2.0.0"
    "punycode.js" "^2.3.1"
    "uc.micro" "^2.1.0"

"mdurl@^2.0.0":
  "integrity" "sha512-Lf+9+2r+Tdp5wXDXC4PcIBjTDtq4UKjCPMQhKIuzpJNW0b96kVqSwW0bT7FhRSfmAiFYgP+SCRvdrDozfh0U5w=="
  "resolved" "https://registry.npmmirror.com/mdurl/-/mdurl-2.0.0.tgz"
  "version" "2.0.0"

"nanoid@^3.3.8":
  "integrity" "sha512-N8SpfPUnUp1bK+PMYW8qSWdl9U+wwNWI4QKxOYDy9JAro3WMX7p2OeVRF9v+347pnakNevPmiHhNmZ2HbFA76w=="
  "resolved" "https://registry.npmmirror.com/nanoid/-/nanoid-3.3.11.tgz"
  "version" "3.3.11"

"node-releases@^2.0.14":
  "integrity" "sha512-y10wOWt8yZpqXmOgRo77WaHEmhYQYGNA6y421PKsKYWEK8aW+cqAphborZDhqfyKrbZEN92CN1X2KbafY2s7Yw=="
  "resolved" "https://registry.npmjs.org/node-releases/-/node-releases-2.0.14.tgz"
  "version" "2.0.14"

"normalize-range@^0.1.2":
  "integrity" "sha512-bdok/XvKII3nUpklnV6P2hxtMNrCboOjAcyBuQnWEhO665FwrSNRxU+AqpsyvO6LgGYPspN+lu5CLtw4jPRKNA=="
  "resolved" "https://registry.npmjs.org/normalize-range/-/normalize-range-0.1.2.tgz"
  "version" "0.1.2"

"picocolors@^1.0.0", "picocolors@^1.1.1":
  "integrity" "sha512-xceH2snhtb5M9liqDsmEw56le376mTZkEX/jEb/RxNFyegNul7eNslCXP9FDj/Lcu0X8KEyMceP2ntpaHrDEVA=="
  "resolved" "https://registry.npmmirror.com/picocolors/-/picocolors-1.1.1.tgz"
  "version" "1.1.1"

"postcss-value-parser@^4.2.0":
  "integrity" "sha512-1NNCs6uurfkVbeXG4S8JFT9t19m45ICnif8zWLd5oPSZ50QnwMfK+H3jv408d4jw/7Bttv5axS5IiHoLaVNHeQ=="
  "resolved" "https://registry.npmjs.org/postcss-value-parser/-/postcss-value-parser-4.2.0.tgz"
  "version" "4.2.0"

"postcss@^8.1.0", "postcss@^8.4.48":
  "integrity" "sha512-dle9A3yYxlBSrt8Fu+IpjGT8SY8hN0mlaA6GY8t0P5PjIOZemULz/E2Bnm/2dcUOena75OTNkHI76uZBNUUq3A=="
  "resolved" "https://registry.npmmirror.com/postcss/-/postcss-8.5.3.tgz"
  "version" "8.5.3"
  dependencies:
    "nanoid" "^3.3.8"
    "picocolors" "^1.1.1"
    "source-map-js" "^1.2.1"

"punycode.js@^2.3.1":
  "integrity" "sha512-uxFIHU0YlHYhDQtV4R9J6a52SLx28BCjT+4ieh7IGbgwVJWO+km431c4yRlREUAsAmt/uMjQUyQHNEPf0M39CA=="
  "resolved" "https://registry.npmmirror.com/punycode.js/-/punycode.js-2.3.1.tgz"
  "version" "2.3.1"

"regenerator-runtime@^0.14.0":
  "integrity" "sha512-dYnhHh0nJoMfnkZs6GmmhFknAGRrLznOu5nc9ML+EJxGvrx6H7teuevqVqCuPcPK//3eDrrjQhehXVx9cnkGdw=="
  "resolved" "https://registry.npmmirror.com/regenerator-runtime/-/regenerator-runtime-0.14.1.tgz"
  "version" "0.14.1"

"source-map-js@^1.2.0", "source-map-js@^1.2.1":
  "integrity" "sha512-UXWMKhLOwVKb728IUtQPXxfYU+usdybtUrK/8uGE8CQMvrhOpwvzDBwj0QhSL7MQc7vIsISBG8VQ8+IDQxpfQA=="
  "resolved" "https://registry.npmmirror.com/source-map-js/-/source-map-js-1.2.1.tgz"
  "version" "1.2.1"

"threejs-miniprogram@^0.0.8":
  "integrity" "sha512-S5IgBMuX57kQsbeSv/5YDc87s+WKvPLYT+Go5FUbSdcjf6/Lq/LoY1uoVxfa00fjLHN+cMuumZ1Op/JmFKUmbw=="
  "resolved" "https://registry.npmmirror.com/threejs-miniprogram/-/threejs-miniprogram-0.0.8.tgz"
  "version" "0.0.8"

"through@^2.3.8", "through@>=2.2.7 <3":
  "integrity" "sha512-w89qg7PI8wAdvX60bMDP+bFoD5Dvhm9oLheFp5O4a2QF0cSBGsBX4qZmadPMvVqlLJBBci+WqGGOAPvcDeNSVg=="
  "resolved" "https://registry.npmmirror.com/through/-/through-2.3.8.tgz"
  "version" "2.3.8"

"uc.micro@^2.0.0", "uc.micro@^2.1.0":
  "integrity" "sha512-ARDJmphmdvUk6Glw7y9DQ2bFkKBHwQHLi2lsaH6PPmz/Ka9sFOBsBluozhDltWmnv9u/cF6Rt87znRTPV+yp/A=="
  "resolved" "https://registry.npmmirror.com/uc.micro/-/uc.micro-2.1.0.tgz"
  "version" "2.1.0"

"update-browserslist-db@^1.0.13":
  "integrity" "sha512-xebP81SNcPuNpPP3uzeW1NYXxI3rxyJzF3pD6sH4jE7o/IX+WtSpwnVU+qIsDPyk0d3hmFQ7mjqc6AtV604hbg=="
  "resolved" "https://registry.npmjs.org/update-browserslist-db/-/update-browserslist-db-1.0.13.tgz"
  "version" "1.0.13"
  dependencies:
    "escalade" "^3.1.1"
    "picocolors" "^1.0.0"

"vant@latest-v2":
  "integrity" "sha512-znjA/oKGh5s47xoc0Eq0PkEa8fwXKOAFdJ6eB3YOamwoRouvZYTILpdB25wtDqvVVK8v5AQAc6GHVHFVWcQRNA=="
  "resolved" "https://registry.npmmirror.com/vant/-/vant-2.13.6.tgz"
  "version" "2.13.6"
  dependencies:
    "@babel/runtime" "7.x"
    "@vant/icons" "^3.0.2"
    "@vant/popperjs" "^1.1.0"
    "@vue/babel-helper-vue-jsx-merge-props" "^1.0.0"
    "vue-lazyload" "1.2.3"

"vue-lazyload@^3.0.0":
  "integrity" "sha512-h2keL/Rj550dLgesgOtXJS9qOiSMmuJNeVlfNAYV1/IYwOQYaWk5mFJlwRxmZDK9YC5gECcFLYYj7z1lKSf9ug=="
  "resolved" "https://registry.npmmirror.com/vue-lazyload/-/vue-lazyload-3.0.0.tgz"
  "version" "3.0.0"

"vue-lazyload@1.2.3":
  "integrity" "sha512-DC0ZwxanbRhx79tlA3zY5OYJkH8FYp3WBAnAJbrcuoS8eye1P73rcgAZhyxFSPUluJUTelMB+i/+VkNU/qVm7g=="
  "resolved" "https://registry.npmmirror.com/vue-lazyload/-/vue-lazyload-1.2.3.tgz"
  "version" "1.2.3"

"vue@^3.2.0", "vue@>= 2.6.0", "vue@3.5.13":
  "integrity" "sha512-wmeiSMxkZCSc+PM2w2VRsOYAZC8GdipNFRTsLSfodVqI9mbejKeXEGr8SckuLnrQPGe3oJN5c3K0vpoU9q/wCQ=="
  "resolved" "https://registry.npmmirror.com/vue/-/vue-3.5.13.tgz"
  "version" "3.5.13"
  dependencies:
    "@vue/compiler-dom" "3.5.13"
    "@vue/compiler-sfc" "3.5.13"
    "@vue/runtime-dom" "3.5.13"
    "@vue/server-renderer" "3.5.13"
    "@vue/shared" "3.5.13"

"vuex@^4.1.0":
  "integrity" "sha512-hmV6UerDrPcgbSy9ORAtNXDr9M4wlNP4pEFKye4ujJF8oqgFFuxDCdOLS3eNoRTtq5O3hoBDh9Doj1bQMYHRbQ=="
  "resolved" "https://registry.npmmirror.com/vuex/-/vuex-4.1.0.tgz"
  "version" "4.1.0"
  dependencies:
    "@vue/devtools-api" "^6.0.0-beta.11"
