# THIS IS AN AUTOGENERATED FILE. DO NOT EDIT THIS FILE DIRECTLY.
# yarn lockfile v1


"@babel/runtime@7.x":
  version "7.26.10"
  resolved "https://registry.npmjs.org/@babel/runtime/-/runtime-7.26.10.tgz#a07b4d8fa27af131a633d7b3524db803eb4764c2"
  integrity sha512-2WJMeRQPHKSPemqk/awGrAiuFfzBmOIPXKizAsVhWH9YJqLZ0H+HS4c8loHGgW6utJ3E/ejXQUsiGaQy2NZ9Fw==
  dependencies:
    regenerator-runtime "^0.14.0"

"@vant/icons@^3.0.2":
  version "3.0.2"
  resolved "https://registry.npmjs.org/@vant/icons/-/icons-3.0.2.tgz#87f2dd74f0071d305b610d29f9442b89d346d05e"
  integrity sha512-4OlRVMd0uiDtD9hgSISZW8hB95vU0fFtc41tQchRIyiXkR0tS+DydZOLb8/bQkithrNWhW7Uud38MbKjlJ9lJw==

"@vant/popperjs@^1.1.0", "@vant/popperjs@^1.3.0":
  version "1.3.0"
  resolved "https://registry.npmjs.org/@vant/popperjs/-/popperjs-1.3.0.tgz#e0eff017124b5b2352ef3b36a6df06277f4400f2"
  integrity sha512-hB+czUG+aHtjhaEmCJDuXOep0YTZjdlRR+4MSmIFnkCQIxJaXLQdSsR90XWvAI2yvKUI7TCGqR8pQg2RtvkMHw==

"@vant/weapp@^1.11.6":
  version "1.11.7"
  resolved "https://registry.npmjs.org/@vant/weapp/-/weapp-1.11.7.tgz#bfd4092970d470719d5e93a6d4ff96746d1cb276"
  integrity sha512-Rwn9BBnb4kHSV4XmvBicwtd42J+amEUfnFDcXJsGNPNX4a9c/DoT6YLsm4X1wB2+sQbdiQsbFBLAvGRBxCkD8g==

"@vue/babel-helper-vue-jsx-merge-props@^1.0.0":
  version "1.4.0"
  resolved "https://registry.npmjs.org/@vue/babel-helper-vue-jsx-merge-props/-/babel-helper-vue-jsx-merge-props-1.4.0.tgz#8d53a1e21347db8edbe54d339902583176de09f2"
  integrity sha512-JkqXfCkUDp4PIlFdDQ0TdXoIejMtTHP67/pvxlgeY+u5k3LEdKuWZ3LK6xkxo52uDoABIVyRwqVkfLQJhk7VBA==

"@vue/devtools-api@^6.0.0-beta.11":
  version "6.6.4"
  resolved "https://registry.npmjs.org/@vue/devtools-api/-/devtools-api-6.6.4.tgz#cbe97fe0162b365edc1dba80e173f90492535343"
  integrity sha512-sGhTPMuXqZ1rVOk32RylztWkfXTRhuS7vgAKv0zjqk8gbsHkJ7xfFf+jbySxt7tWObEJwyKaHMikV/WGDiQm8g==

JSONStream@^1.3.5:
  version "1.3.5"
  resolved "https://registry.npmjs.org/JSONStream/-/JSONStream-1.3.5.tgz#3208c1f08d3a4d99261ab64f92302bc15e111ca0"
  integrity sha512-E+iruNOY8VV9s4JEbe1aNEm6MiszPRr/UfcHMz0TQh1BXSxHK+ASV1R6W4HpjBhSeS+54PIsAMCBmwD06LLsqQ==
  dependencies:
    jsonparse "^1.2.0"
    through ">=2.2.7 <3"

argparse@^2.0.1:
  version "2.0.1"
  resolved "https://registry.npmjs.org/argparse/-/argparse-2.0.1.tgz#246f50f3ca78a3240f6c997e8a9bd1eac49e4b38"
  integrity sha512-8+9WqebbFzpX9OR+Wa6O29asIogeRMzcGtAINdpMHHyAg10f05aSFVBbcEqGf/PXw1EjAZ+q2/bEBg3DvurK3Q==

autoprefixer@^10.4.18:
  version "10.4.21"
  resolved "https://registry.npmjs.org/autoprefixer/-/autoprefixer-10.4.21.tgz#77189468e7a8ad1d9a37fbc08efc9f480cf0a95d"
  integrity sha512-O+A6LWV5LDHSJD3LjHYoNi4VLsj/Whi7k6zG12xTYaU4cQ8oxQGckXNX8cRHK5yOZ/ppVHe0ZBXGzSV9jXdVbQ==
  dependencies:
    browserslist "^4.24.4"
    caniuse-lite "^1.0.30001702"
    fraction.js "^4.3.7"
    normalize-range "^0.1.2"
    picocolors "^1.1.1"
    postcss-value-parser "^4.2.0"

best-effort-json-parser@^1.1.2:
  version "1.1.3"
  resolved "https://registry.npmjs.org/best-effort-json-parser/-/best-effort-json-parser-1.1.3.tgz#aff97716cbe649e5aa31ffa614a19763f43cde3a"
  integrity sha512-O3LfmiLJ5UQOGqrrl6ynCdfDgK50cd0nxy0JacFZ7ARhfhjdksTfScHAJ0580RNgNejLjRvu/7Yj9znY0sqeFA==

browserslist@^4.23.0, browserslist@^4.24.4:
  version "4.24.4"
  resolved "https://registry.npmjs.org/browserslist/-/browserslist-4.24.4.tgz#c6b2865a3f08bcb860a0e827389003b9fe686e4b"
  integrity sha512-KDi1Ny1gSePi1vm0q4oxSF8b4DR44GF4BbmS2YdhPLOEqd8pDviZOGH/GsmRwoWJ2+5Lr085X7naowMwKHDG1A==
  dependencies:
    caniuse-lite "^1.0.30001688"
    electron-to-chromium "^1.5.73"
    node-releases "^2.0.19"
    update-browserslist-db "^1.1.1"

caniuse-lite@^1.0.30001594, caniuse-lite@^1.0.30001688, caniuse-lite@^1.0.30001702:
  version "1.0.30001705"
  resolved "https://registry.npmjs.org/caniuse-lite/-/caniuse-lite-1.0.30001705.tgz#dc3510bcdef261444ca944b7be9c8d0bb7fafeef"
  integrity sha512-S0uyMMiYvA7CxNgomYBwwwPUnWzFD83f3B1ce5jHUfHTH//QL6hHsreI8RVC5606R4ssqravelYO5TU6t8sEyg==

electron-to-chromium@^1.5.73:
  version "1.5.120"
  resolved "https://registry.npmjs.org/electron-to-chromium/-/electron-to-chromium-1.5.120.tgz#ccfdd28e9795fb8c2221cefa2c9a071501c86247"
  integrity sha512-oTUp3gfX1gZI+xfD2djr2rzQdHCwHzPQrrK0CD7WpTdF0nPdQ/INcRVjWgLdCT4a9W3jFObR9DAfsuyFQnI8CQ==

entities@^4.4.0:
  version "4.5.0"
  resolved "https://registry.npmjs.org/entities/-/entities-4.5.0.tgz#5d268ea5e7113ec74c4d033b79ea5a35a488fb48"
  integrity sha512-V0hjH4dGPh9Ao5p0MoRY6BVqtwCjhz6vI5LT8AJ55H+4g9/4vbHx1I54fS0XuclLhDHArPQCiMjDxjaL8fPxhw==

escalade@^3.2.0:
  version "3.2.0"
  resolved "https://registry.npmjs.org/escalade/-/escalade-3.2.0.tgz#011a3f69856ba189dffa7dc8fcce99d2a87903e5"
  integrity sha512-WUj2qlxaQtO4g6Pq5c29GTcWGDyd8itL8zTlipgECz3JesAiiOKotd8JU6otB3PACgG6xkJUyVhboMS+bje/jA==

fraction.js@^4.3.7:
  version "4.3.7"
  resolved "https://registry.npmjs.org/fraction.js/-/fraction.js-4.3.7.tgz#06ca0085157e42fda7f9e726e79fefc4068840f7"
  integrity sha512-ZsDfxO51wGAXREY55a7la9LScWpwv9RxIrYABrlvOFBlH/ShPnrtsXeuUIfXKKOVicNxQ+o8JTbJvjS4M89yew==

jsonparse@^1.2.0, jsonparse@^1.3.1:
  version "1.3.1"
  resolved "https://registry.npmjs.org/jsonparse/-/jsonparse-1.3.1.tgz#3f4dae4a91fac315f71062f8521cc239f1366280"
  integrity sha512-POQXvpdL69+CluYsillJ7SUhKvytYjW9vG/GKpnf+xP8UWgYEM/RaMzHHofbALDiKbbP1W8UEYmgGl39WkPZsg==

linkify-it@^5.0.0:
  version "5.0.0"
  resolved "https://registry.npmjs.org/linkify-it/-/linkify-it-5.0.0.tgz#9ef238bfa6dc70bd8e7f9572b52d369af569b421"
  integrity sha512-5aHCbzQRADcdP+ATqnDuhhJ/MRIqDkZX5pyjFHRRysS8vZ5AbqGEoFIb6pYHPZ+L/OC2Lc+xT8uHVVR5CAK/wQ==
  dependencies:
    uc.micro "^2.0.0"

markdown-it@^14.1.0:
  version "14.1.0"
  resolved "https://registry.npmjs.org/markdown-it/-/markdown-it-14.1.0.tgz#3c3c5992883c633db4714ccb4d7b5935d98b7d45"
  integrity sha512-a54IwgWPaeBCAAsv13YgmALOF1elABB08FxO9i+r4VFk5Vl4pKokRPeX8u5TCgSsPi6ec1otfLjdOpVcgbpshg==
  dependencies:
    argparse "^2.0.1"
    entities "^4.4.0"
    linkify-it "^5.0.0"
    mdurl "^2.0.0"
    punycode.js "^2.3.1"
    uc.micro "^2.1.0"

mdurl@^2.0.0:
  version "2.0.0"
  resolved "https://registry.npmjs.org/mdurl/-/mdurl-2.0.0.tgz#80676ec0433025dd3e17ee983d0fe8de5a2237e0"
  integrity sha512-Lf+9+2r+Tdp5wXDXC4PcIBjTDtq4UKjCPMQhKIuzpJNW0b96kVqSwW0bT7FhRSfmAiFYgP+SCRvdrDozfh0U5w==

node-releases@^2.0.19:
  version "2.0.19"
  resolved "https://registry.npmjs.org/node-releases/-/node-releases-2.0.19.tgz#9e445a52950951ec4d177d843af370b411caf314"
  integrity sha512-xxOWJsBKtzAq7DY0J+DTzuz58K8e7sJbdgwkbMWQe8UYB6ekmsQ45q0M/tJDsGaZmbC+l7n57UV8Hl5tHxO9uw==

normalize-range@^0.1.2:
  version "0.1.2"
  resolved "https://registry.npmjs.org/normalize-range/-/normalize-range-0.1.2.tgz#2d10c06bdfd312ea9777695a4d28439456b75942"
  integrity sha512-bdok/XvKII3nUpklnV6P2hxtMNrCboOjAcyBuQnWEhO665FwrSNRxU+AqpsyvO6LgGYPspN+lu5CLtw4jPRKNA==

picocolors@^1.1.1:
  version "1.1.1"
  resolved "https://registry.npmjs.org/picocolors/-/picocolors-1.1.1.tgz#3d321af3eab939b083c8f929a1d12cda81c26b6b"
  integrity sha512-xceH2snhtb5M9liqDsmEw56le376mTZkEX/jEb/RxNFyegNul7eNslCXP9FDj/Lcu0X8KEyMceP2ntpaHrDEVA==

postcss-value-parser@^4.2.0:
  version "4.2.0"
  resolved "https://registry.npmjs.org/postcss-value-parser/-/postcss-value-parser-4.2.0.tgz#723c09920836ba6d3e5af019f92bc0971c02e514"
  integrity sha512-1NNCs6uurfkVbeXG4S8JFT9t19m45ICnif8zWLd5oPSZ50QnwMfK+H3jv408d4jw/7Bttv5axS5IiHoLaVNHeQ==

punycode.js@^2.3.1:
  version "2.3.1"
  resolved "https://registry.npmjs.org/punycode.js/-/punycode.js-2.3.1.tgz#6b53e56ad75588234e79f4affa90972c7dd8cdb7"
  integrity sha512-uxFIHU0YlHYhDQtV4R9J6a52SLx28BCjT+4ieh7IGbgwVJWO+km431c4yRlREUAsAmt/uMjQUyQHNEPf0M39CA==

regenerator-runtime@^0.14.0:
  version "0.14.1"
  resolved "https://registry.npmjs.org/regenerator-runtime/-/regenerator-runtime-0.14.1.tgz#356ade10263f685dda125100cd862c1db895327f"
  integrity sha512-dYnhHh0nJoMfnkZs6GmmhFknAGRrLznOu5nc9ML+EJxGvrx6H7teuevqVqCuPcPK//3eDrrjQhehXVx9cnkGdw==

threejs-miniprogram@^0.0.8:
  version "0.0.8"
  resolved "https://registry.npmjs.org/threejs-miniprogram/-/threejs-miniprogram-0.0.8.tgz#1dbbc0502a54d0093c611483e1088928f0b342c1"
  integrity sha512-S5IgBMuX57kQsbeSv/5YDc87s+WKvPLYT+Go5FUbSdcjf6/Lq/LoY1uoVxfa00fjLHN+cMuumZ1Op/JmFKUmbw==

"through@>=2.2.7 <3", through@^2.3.8:
  version "2.3.8"
  resolved "https://registry.npmjs.org/through/-/through-2.3.8.tgz#0dd4c9ffaabc357960b1b724115d7e0e86a2e1f5"
  integrity sha512-w89qg7PI8wAdvX60bMDP+bFoD5Dvhm9oLheFp5O4a2QF0cSBGsBX4qZmadPMvVqlLJBBci+WqGGOAPvcDeNSVg==

uc.micro@^2.0.0, uc.micro@^2.1.0:
  version "2.1.0"
  resolved "https://registry.npmjs.org/uc.micro/-/uc.micro-2.1.0.tgz#f8d3f7d0ec4c3dea35a7e3c8efa4cb8b45c9e7ee"
  integrity sha512-ARDJmphmdvUk6Glw7y9DQ2bFkKBHwQHLi2lsaH6PPmz/Ka9sFOBsBluozhDltWmnv9u/cF6Rt87znRTPV+yp/A==

update-browserslist-db@^1.1.1:
  version "1.1.3"
  resolved "https://registry.npmjs.org/update-browserslist-db/-/update-browserslist-db-1.1.3.tgz#348377dd245216f9e7060ff50b15a1b740b75420"
  integrity sha512-UxhIZQ+QInVdunkDAaiazvvT/+fXL5Osr0JZlJulepYu6Jd7qJtDZjlur0emRlT71EN3ScPoE7gvsuIKKNavKw==
  dependencies:
    escalade "^3.2.0"
    picocolors "^1.1.1"

vant@latest-v2:
  version "2.13.6"
  resolved "https://registry.npmjs.org/vant/-/vant-2.13.6.tgz#927ca0417a0e3a667147a0acb0dcb57453592269"
  integrity sha512-znjA/oKGh5s47xoc0Eq0PkEa8fwXKOAFdJ6eB3YOamwoRouvZYTILpdB25wtDqvVVK8v5AQAc6GHVHFVWcQRNA==
  dependencies:
    "@babel/runtime" "7.x"
    "@vant/icons" "^3.0.2"
    "@vant/popperjs" "^1.1.0"
    "@vue/babel-helper-vue-jsx-merge-props" "^1.0.0"
    vue-lazyload "1.2.3"

vue-lazyload@1.2.3:
  version "1.2.3"
  resolved "https://registry.npmjs.org/vue-lazyload/-/vue-lazyload-1.2.3.tgz#901f9ec15c7e6ca78781a2bae4a343686bdedb2c"
  integrity sha512-DC0ZwxanbRhx79tlA3zY5OYJkH8FYp3WBAnAJbrcuoS8eye1P73rcgAZhyxFSPUluJUTelMB+i/+VkNU/qVm7g==

vue-lazyload@^3.0.0:
  version "3.0.0"
  resolved "https://registry.npmjs.org/vue-lazyload/-/vue-lazyload-3.0.0.tgz#37529064da6ba774e969cc9d86b5418e230b16d4"
  integrity sha512-h2keL/Rj550dLgesgOtXJS9qOiSMmuJNeVlfNAYV1/IYwOQYaWk5mFJlwRxmZDK9YC5gECcFLYYj7z1lKSf9ug==

vuex@^4.1.0:
  version "4.1.0"
  resolved "https://registry.npmjs.org/vuex/-/vuex-4.1.0.tgz#aa1b3ea5c7385812b074c86faeeec2217872e36c"
  integrity sha512-hmV6UerDrPcgbSy9ORAtNXDr9M4wlNP4pEFKye4ujJF8oqgFFuxDCdOLS3eNoRTtq5O3hoBDh9Doj1bQMYHRbQ==
  dependencies:
    "@vue/devtools-api" "^6.0.0-beta.11"
